{
    "name": "@stereorepo/burger",
    "version": "1.2.10",
    "lockfileVersion": 1,
    "requires": true,
    "dependencies": {
        "@stereorepo/sac": {
            "version": "1.2.10",
            "resolved": "https://registry.npmjs.org/@stereorepo/sac/-/sac-1.2.10.tgz",
            "integrity": "sha512-SZCvP3/lcCTQn203QEYZ5sCS8lmM4MX6IkI8JNG8ymb2Sg5n6Yp26oepp1YUOirqVnUh1An1zTWh9No2PJCBfg==",
            "requires": {
                "intersection-observer": "^0.7.0",
                "whatwg-fetch": "^3.0.0"
            }
        },
        "intersection-observer": {
            "version": "0.7.0",
            "resolved": "https://registry.npmjs.org/intersection-observer/-/intersection-observer-0.7.0.tgz",
            "integrity": "sha512-Id0Fij0HsB/vKWGeBe9PxeY45ttRiBmhFyyt/geBdDHBYNctMRTE3dC1U3ujzz3lap+hVXlEcVaB56kZP/eEUg=="
        },
        "whatwg-fetch": {
            "version": "3.0.0",
            "resolved": "https://registry.npmjs.org/whatwg-fetch/-/whatwg-fetch-3.0.0.tgz",
            "integrity": "sha512-9GSJUgz1D4MfyKU7KRqwOjXCXTqWdFNvEr7eUBYchQiVc744mqK/MzXPNR2WsPkmkOa4ywfg8C2n8h+13Bey1Q=="
        }
    }
}
