{
    "name": "@stereorepo/collant",
    "version": "1.5.7",
    "lockfileVersion": 1,
    "requires": true,
    "dependencies": {
        "@stereorepo/sac": {
            "version": "1.5.10",
            "resolved": "https://registry.npmjs.org/@stereorepo/sac/-/sac-1.5.10.tgz",
            "integrity": "sha512-spi8mpjc4fPSJjBsURFA6SoKOplwHcymGzsxm6B6O593n/JtWi/RkbXSfas2yyWHheF0ZyVHO/MzEKNwfS9Z1A==",
            "requires": {
                "intersection-observer": "^0.7.0",
                "whatwg-fetch": "^3.0.0"
            }
        },
        "intersection-observer": {
            "version": "0.7.0",
            "resolved": "https://registry.npmjs.org/intersection-observer/-/intersection-observer-0.7.0.tgz",
            "integrity": "sha512-Id0Fij0HsB/vKWGeBe9PxeY45ttRiBmhFyyt/geBdDHBYNctMRTE3dC1U3ujzz3lap+hVXlEcVaB56kZP/eEUg=="
        },
        "whatwg-fetch": {
            "version": "3.0.0",
            "resolved": "https://registry.npmjs.org/whatwg-fetch/-/whatwg-fetch-3.0.0.tgz",
            "integrity": "sha512-9GSJUgz1D4MfyKU7KRqwOjXCXTqWdFNvEr7eUBYchQiVc744mqK/MzXPNR2WsPkmkOa4ywfg8C2n8h+13Bey1Q=="
        }
    }
}
